PODS:
  - Realm (5.3.5):
    - Realm/Headers (= 5.3.5)
  - Realm/Headers (5.3.5)
  - RealmSwift (5.3.5):
    - Realm (= 5.3.5)
  - SwipeableTabBarController (3.2.1)

DEPENDENCIES:
  - RealmSwift
  - SwipeableTabBarController

SPEC REPOS:
  trunk:
    - Realm
    - RealmSwift
    - SwipeableTabBarController

SPEC CHECKSUMS:
  Realm: 2b52fcc86fc0ed3d75a56ac0eb1e73c4f1a60e16
  RealmSwift: a6ea2ea561039fc3833c08dec81371a9a3bb5ca6
  SwipeableTabBarController: 8f001d3a67dc052542a9f65721cb5b0451b11df2

PODFILE CHECKSUM: f32c8d24dd3c1a5aaad4d7cec66220ce57e7062f

COCOAPODS: 1.9.1
