PODS:
  - Realm (5.0.3):
    - Realm/Headers (= 5.0.3)
  - Realm/Headers (5.0.3)
  - RealmSwift (5.0.3):
    - Realm (= 5.0.3)
  - SwipeableTabBarController (3.1.0)

DEPENDENCIES:
  - RealmSwift
  - SwipeableTabBarController

SPEC REPOS:
  trunk:
    - Realm
    - RealmSwift
    - SwipeableTabBarController

SPEC CHECKSUMS:
  Realm: bfca1699b61b0b17c3a69ae0e648314eae91fbdb
  RealmSwift: 493c9f089cd3893b3959007973c0e4f640906ba0
  SwipeableTabBarController: 49289d4be2af85732deeff88fcf2e6be8d45dd32

PODFILE CHECKSUM: f32c8d24dd3c1a5aaad4d7cec66220ce57e7062f

COCOAPODS: 1.9.1
