PODS:
  - Realm (4.4.1):
    - Realm/Headers (= 4.4.1)
  - Realm/Headers (4.4.1)
  - RealmSwift (4.4.1):
    - Realm (= 4.4.1)
  - SwipeCellKit (2.7.1)
  - SwipeMenuViewController (4.1.0)

DEPENDENCIES:
  - RealmSwift
  - SwipeCellKit (from `https://github.com/SwipeCellKit/SwipeCellKit.git`, branch `develop`)
  - SwipeMenuViewController

SPEC REPOS:
  trunk:
    - Realm
    - RealmSwift
    - SwipeMenuViewController

EXTERNAL SOURCES:
  SwipeCellKit:
    :branch: develop
    :git: https://github.com/SwipeCellKit/SwipeCellKit.git

CHECKOUT OPTIONS:
  SwipeCellKit:
    :commit: 6d632bdf1b7309505566b0248a00f61b67415a37
    :git: https://github.com/SwipeCellKit/SwipeCellKit.git

SPEC CHECKSUMS:
  Realm: 4eb04d7487bd43c0581256f40b424eafb711deff
  RealmSwift: 3eb8924ff7100df5928c7602f71d0fec51e7c9c5
  SwipeCellKit: 3972254a826da74609926daf59b08d6c72e619ea
  SwipeMenuViewController: 94fac81cc192d9f08f218fe4c0c853569b735e1f

PODFILE CHECKSUM: 6ecfbbb945faaeb24da5ed925ad24aa2ec21420b

COCOAPODS: 1.9.1
