// !$*UTF8*$!
{
	archiveVersion = 1;
	classes = {
	};
	objectVersion = 51;
	objects = {

/* Begin PBXBuildFile section */
		01437E120D0C980A376A2C47 /* Pods_DoujinshiFinder.framework in Frameworks */ = {isa = PBXBuildFile; fileRef = 0D1D8E487487ED45A253C42C /* Pods_DoujinshiFinder.framework */; };
		C32E6C41247A28F400F51EEF /* SwipeableTabBarViewController.swift in Sources */ = {isa = PBXBuildFile; fileRef = C32E6C40247A28F400F51EEF /* SwipeableTabBarViewController.swift */; };
		C32E6C43247A2B3F00F51EEF /* TestingViewController.swift in Sources */ = {isa = PBXBuildFile; fileRef = C32E6C42247A2B3F00F51EEF /* TestingViewController.swift */; };
		C32E6C45247C590D00F51EEF /* Tags.swift in Sources */ = {isa = PBXBuildFile; fileRef = C32E6C44247C590C00F51EEF /* Tags.swift */; };
		C35ABCB4246A885B00F3A83E /* AppDelegate.swift in Sources */ = {isa = PBXBuildFile; fileRef = C35ABCB3246A885B00F3A83E /* AppDelegate.swift */; };
		C35ABCB6246A885B00F3A83E /* SceneDelegate.swift in Sources */ = {isa = PBXBuildFile; fileRef = C35ABCB5246A885B00F3A83E /* SceneDelegate.swift */; };
		C35ABCBB246A885B00F3A83E /* Main.storyboard in Resources */ = {isa = PBXBuildFile; fileRef = C35ABCB9246A885B00F3A83E /* Main.storyboard */; };
		C35ABCBD246A885D00F3A83E /* Assets.xcassets in Resources */ = {isa = PBXBuildFile; fileRef = C35ABCBC246A885D00F3A83E /* Assets.xcassets */; };
		C35ABCC0246A885D00F3A83E /* LaunchScreen.storyboard in Resources */ = {isa = PBXBuildFile; fileRef = C35ABCBE246A885D00F3A83E /* LaunchScreen.storyboard */; };
		C35ABCCA246B41F000F3A83E /* HomeTableViewController.swift in Sources */ = {isa = PBXBuildFile; fileRef = C35ABCC9246B41F000F3A83E /* HomeTableViewController.swift */; };
		C35ABCD0246B4AEE00F3A83E /* Sauce.swift in Sources */ = {isa = PBXBuildFile; fileRef = C35ABCCF246B4AEE00F3A83E /* Sauce.swift */; };
		C35ABCD4246B55AC00F3A83E /* InsideTableViewCell.swift in Sources */ = {isa = PBXBuildFile; fileRef = C35ABCD2246B55AC00F3A83E /* InsideTableViewCell.swift */; };
		C35ABCD5246B55AC00F3A83E /* InsideTableViewCell.xib in Resources */ = {isa = PBXBuildFile; fileRef = C35ABCD3246B55AC00F3A83E /* InsideTableViewCell.xib */; };
		C35ABCD7246B590200F3A83E /* API.swift in Sources */ = {isa = PBXBuildFile; fileRef = C35ABCD6246B590200F3A83E /* API.swift */; };
		C35ABCD9246B5A1B00F3A83E /* Save and Such.swift in Sources */ = {isa = PBXBuildFile; fileRef = C35ABCD8246B5A1B00F3A83E /* Save and Such.swift */; };
		C36CA061246E210F00980A59 /* DetailViewController.swift in Sources */ = {isa = PBXBuildFile; fileRef = C36CA060246E210F00980A59 /* DetailViewController.swift */; };
		C3F1C976246CCA700033F195 /* DetailsTableViewCell.swift in Sources */ = {isa = PBXBuildFile; fileRef = C3F1C974246CCA700033F195 /* DetailsTableViewCell.swift */; };
		C3F1C977246CCA700033F195 /* DetailsTableViewCell.xib in Resources */ = {isa = PBXBuildFile; fileRef = C3F1C975246CCA700033F195 /* DetailsTableViewCell.xib */; };
		C3F1C979246CCAF70033F195 /* InfoUITableViewController.swift in Sources */ = {isa = PBXBuildFile; fileRef = C3F1C978246CCAF70033F195 /* InfoUITableViewController.swift */; };
/* End PBXBuildFile section */

/* Begin PBXFileReference section */
		0D1D8E487487ED45A253C42C /* Pods_DoujinshiFinder.framework */ = {isa = PBXFileReference; explicitFileType = wrapper.framework; includeInIndex = 0; path = Pods_DoujinshiFinder.framework; sourceTree = BUILT_PRODUCTS_DIR; };
		476C2B91FF2B5C8FFB07FB93 /* Pods-DoujinshiFinder.debug.xcconfig */ = {isa = PBXFileReference; includeInIndex = 1; lastKnownFileType = text.xcconfig; name = "Pods-DoujinshiFinder.debug.xcconfig"; path = "Target Support Files/Pods-DoujinshiFinder/Pods-DoujinshiFinder.debug.xcconfig"; sourceTree = "<group>"; };
		5B03092A1E663E6D8B3D6A25 /* Pods-DoujinshiFinder.release.xcconfig */ = {isa = PBXFileReference; includeInIndex = 1; lastKnownFileType = text.xcconfig; name = "Pods-DoujinshiFinder.release.xcconfig"; path = "Target Support Files/Pods-DoujinshiFinder/Pods-DoujinshiFinder.release.xcconfig"; sourceTree = "<group>"; };
		C32E6C40247A28F400F51EEF /* SwipeableTabBarViewController.swift */ = {isa = PBXFileReference; lastKnownFileType = sourcecode.swift; path = SwipeableTabBarViewController.swift; sourceTree = "<group>"; };
		C32E6C42247A2B3F00F51EEF /* TestingViewController.swift */ = {isa = PBXFileReference; lastKnownFileType = sourcecode.swift; path = TestingViewController.swift; sourceTree = "<group>"; };
		C32E6C44247C590C00F51EEF /* Tags.swift */ = {isa = PBXFileReference; lastKnownFileType = sourcecode.swift; path = Tags.swift; sourceTree = "<group>"; };
		C35ABCB0246A885B00F3A83E /* DoujinshiFinder.app */ = {isa = PBXFileReference; explicitFileType = wrapper.application; includeInIndex = 0; path = DoujinshiFinder.app; sourceTree = BUILT_PRODUCTS_DIR; };
		C35ABCB3246A885B00F3A83E /* AppDelegate.swift */ = {isa = PBXFileReference; lastKnownFileType = sourcecode.swift; path = AppDelegate.swift; sourceTree = "<group>"; };
		C35ABCB5246A885B00F3A83E /* SceneDelegate.swift */ = {isa = PBXFileReference; lastKnownFileType = sourcecode.swift; path = SceneDelegate.swift; sourceTree = "<group>"; };
		C35ABCBA246A885B00F3A83E /* Base */ = {isa = PBXFileReference; lastKnownFileType = file.storyboard; name = Base; path = Base.lproj/Main.storyboard; sourceTree = "<group>"; };
		C35ABCBC246A885D00F3A83E /* Assets.xcassets */ = {isa = PBXFileReference; lastKnownFileType = folder.assetcatalog; path = Assets.xcassets; sourceTree = "<group>"; };
		C35ABCBF246A885D00F3A83E /* Base */ = {isa = PBXFileReference; lastKnownFileType = file.storyboard; name = Base; path = Base.lproj/LaunchScreen.storyboard; sourceTree = "<group>"; };
		C35ABCC1246A885D00F3A83E /* Info.plist */ = {isa = PBXFileReference; lastKnownFileType = text.plist.xml; path = Info.plist; sourceTree = "<group>"; };
		C35ABCC9246B41F000F3A83E /* HomeTableViewController.swift */ = {isa = PBXFileReference; lastKnownFileType = sourcecode.swift; path = HomeTableViewController.swift; sourceTree = "<group>"; };
		C35ABCCF246B4AEE00F3A83E /* Sauce.swift */ = {isa = PBXFileReference; lastKnownFileType = sourcecode.swift; path = Sauce.swift; sourceTree = "<group>"; };
		C35ABCD2246B55AC00F3A83E /* InsideTableViewCell.swift */ = {isa = PBXFileReference; lastKnownFileType = sourcecode.swift; path = InsideTableViewCell.swift; sourceTree = "<group>"; };
		C35ABCD3246B55AC00F3A83E /* InsideTableViewCell.xib */ = {isa = PBXFileReference; lastKnownFileType = file.xib; path = InsideTableViewCell.xib; sourceTree = "<group>"; };
		C35ABCD6246B590200F3A83E /* API.swift */ = {isa = PBXFileReference; lastKnownFileType = sourcecode.swift; path = API.swift; sourceTree = "<group>"; };
		C35ABCD8246B5A1B00F3A83E /* Save and Such.swift */ = {isa = PBXFileReference; lastKnownFileType = sourcecode.swift; path = "Save and Such.swift"; sourceTree = "<group>"; };
		C36CA060246E210F00980A59 /* DetailViewController.swift */ = {isa = PBXFileReference; lastKnownFileType = sourcecode.swift; path = DetailViewController.swift; sourceTree = "<group>"; };
		C3F1C974246CCA700033F195 /* DetailsTableViewCell.swift */ = {isa = PBXFileReference; lastKnownFileType = sourcecode.swift; path = DetailsTableViewCell.swift; sourceTree = "<group>"; };
		C3F1C975246CCA700033F195 /* DetailsTableViewCell.xib */ = {isa = PBXFileReference; lastKnownFileType = file.xib; path = DetailsTableViewCell.xib; sourceTree = "<group>"; };
		C3F1C978246CCAF70033F195 /* InfoUITableViewController.swift */ = {isa = PBXFileReference; lastKnownFileType = sourcecode.swift; path = InfoUITableViewController.swift; sourceTree = "<group>"; };
/* End PBXFileReference section */

/* Begin PBXFrameworksBuildPhase section */
		C35ABCAD246A885B00F3A83E /* Frameworks */ = {
			isa = PBXFrameworksBuildPhase;
			buildActionMask = 2147483647;
			files = (
				01437E120D0C980A376A2C47 /* Pods_DoujinshiFinder.framework in Frameworks */,
			);
			runOnlyForDeploymentPostprocessing = 0;
		};
/* End PBXFrameworksBuildPhase section */

/* Begin PBXGroup section */
		3508DED0A0D7F4BCC7A9CDDA /* Pods */ = {
			isa = PBXGroup;
			children = (
				476C2B91FF2B5C8FFB07FB93 /* Pods-DoujinshiFinder.debug.xcconfig */,
				5B03092A1E663E6D8B3D6A25 /* Pods-DoujinshiFinder.release.xcconfig */,
			);
			path = Pods;
			sourceTree = "<group>";
		};
		6ED7F4DFB4E38179EEC0F4B6 /* Frameworks */ = {
			isa = PBXGroup;
			children = (
				0D1D8E487487ED45A253C42C /* Pods_DoujinshiFinder.framework */,
			);
			name = Frameworks;
			sourceTree = "<group>";
		};
		C32E6C46247DCC1A00F51EEF /* Testing */ = {
			isa = PBXGroup;
			children = (
				C32E6C42247A2B3F00F51EEF /* TestingViewController.swift */,
			);
			path = Testing;
			sourceTree = "<group>";
		};
		C35ABCA7246A885B00F3A83E = {
			isa = PBXGroup;
			children = (
				C35ABCB2246A885B00F3A83E /* DoujinshiFinder */,
				C35ABCB1246A885B00F3A83E /* Products */,
				3508DED0A0D7F4BCC7A9CDDA /* Pods */,
				6ED7F4DFB4E38179EEC0F4B6 /* Frameworks */,
			);
			sourceTree = "<group>";
		};
		C35ABCB1246A885B00F3A83E /* Products */ = {
			isa = PBXGroup;
			children = (
				C35ABCB0246A885B00F3A83E /* DoujinshiFinder.app */,
			);
			name = Products;
			sourceTree = "<group>";
		};
		C35ABCB2246A885B00F3A83E /* DoujinshiFinder */ = {
			isa = PBXGroup;
			children = (
				C35ABCB3246A885B00F3A83E /* AppDelegate.swift */,
				C35ABCB5246A885B00F3A83E /* SceneDelegate.swift */,
				C35ABCD1246B4AF400F3A83E /* Model */,
				C35ABCCB246B473C00F3A83E /* View */,
				C35ABCCC246B474400F3A83E /* Controller */,
				C32E6C46247DCC1A00F51EEF /* Testing */,
				C35ABCBC246A885D00F3A83E /* Assets.xcassets */,
				C35ABCBE246A885D00F3A83E /* LaunchScreen.storyboard */,
				C35ABCC1246A885D00F3A83E /* Info.plist */,
			);
			path = DoujinshiFinder;
			sourceTree = "<group>";
		};
		C35ABCCB246B473C00F3A83E /* View */ = {
			isa = PBXGroup;
			children = (
				C35ABCB9246A885B00F3A83E /* Main.storyboard */,
				C35ABCE8246CC88500F3A83E /* Cells */,
			);
			path = View;
			sourceTree = "<group>";
		};
		C35ABCCC246B474400F3A83E /* Controller */ = {
			isa = PBXGroup;
			children = (
				C35ABCC9246B41F000F3A83E /* HomeTableViewController.swift */,
				C32E6C40247A28F400F51EEF /* SwipeableTabBarViewController.swift */,
				C36CA060246E210F00980A59 /* DetailViewController.swift */,
				C3F1C978246CCAF70033F195 /* InfoUITableViewController.swift */,
			);
			path = Controller;
			sourceTree = "<group>";
		};
		C35ABCD1246B4AF400F3A83E /* Model */ = {
			isa = PBXGroup;
			children = (
				C35ABCCF246B4AEE00F3A83E /* Sauce.swift */,
				C32E6C44247C590C00F51EEF /* Tags.swift */,
				C35ABCD6246B590200F3A83E /* API.swift */,
				C35ABCD8246B5A1B00F3A83E /* Save and Such.swift */,
			);
			path = Model;
			sourceTree = "<group>";
		};
		C35ABCE8246CC88500F3A83E /* Cells */ = {
			isa = PBXGroup;
			children = (
				C35ABCD2246B55AC00F3A83E /* InsideTableViewCell.swift */,
				C35ABCD3246B55AC00F3A83E /* InsideTableViewCell.xib */,
				C3F1C974246CCA700033F195 /* DetailsTableViewCell.swift */,
				C3F1C975246CCA700033F195 /* DetailsTableViewCell.xib */,
			);
			path = Cells;
			sourceTree = "<group>";
		};
/* End PBXGroup section */

/* Begin PBXNativeTarget section */
		C35ABCAF246A885B00F3A83E /* DoujinshiFinder */ = {
			isa = PBXNativeTarget;
			buildConfigurationList = C35ABCC4246A885D00F3A83E /* Build configuration list for PBXNativeTarget "DoujinshiFinder" */;
			buildPhases = (
				8B77E849280D8414E6A9A796 /* [CP] Check Pods Manifest.lock */,
				C35ABCAC246A885B00F3A83E /* Sources */,
				C35ABCAD246A885B00F3A83E /* Frameworks */,
				C35ABCAE246A885B00F3A83E /* Resources */,
				9597C5C5B371E71F4D31F249 /* [CP] Embed Pods Frameworks */,
			);
			buildRules = (
			);
			dependencies = (
			);
			name = DoujinshiFinder;
			productName = DoujinshiFinder;
			productReference = C35ABCB0246A885B00F3A83E /* DoujinshiFinder.app */;
			productType = "com.apple.product-type.application";
		};
/* End PBXNativeTarget section */

/* Begin PBXProject section */
		C35ABCA8246A885B00F3A83E /* Project object */ = {
			isa = PBXProject;
			attributes = {
				LastSwiftUpdateCheck = 1140;
				LastUpgradeCheck = 1140;
				ORGANIZATIONNAME = "Caleb Wheeler";
				TargetAttributes = {
					C35ABCAF246A885B00F3A83E = {
						CreatedOnToolsVersion = 11.4.1;
					};
				};
			};
			buildConfigurationList = C35ABCAB246A885B00F3A83E /* Build configuration list for PBXProject "DoujinshiFinder" */;
			compatibilityVersion = "Xcode 9.3";
			developmentRegion = en;
			hasScannedForEncodings = 0;
			knownRegions = (
				en,
				Base,
			);
			mainGroup = C35ABCA7246A885B00F3A83E;
			productRefGroup = C35ABCB1246A885B00F3A83E /* Products */;
			projectDirPath = "";
			projectRoot = "";
			targets = (
				C35ABCAF246A885B00F3A83E /* DoujinshiFinder */,
			);
		};
/* End PBXProject section */

/* Begin PBXResourcesBuildPhase section */
		C35ABCAE246A885B00F3A83E /* Resources */ = {
			isa = PBXResourcesBuildPhase;
			buildActionMask = 2147483647;
			files = (
				C3F1C977246CCA700033F195 /* DetailsTableViewCell.xib in Resources */,
				C35ABCC0246A885D00F3A83E /* LaunchScreen.storyboard in Resources */,
				C35ABCBD246A885D00F3A83E /* Assets.xcassets in Resources */,
				C35ABCBB246A885B00F3A83E /* Main.storyboard in Resources */,
				C35ABCD5246B55AC00F3A83E /* InsideTableViewCell.xib in Resources */,
			);
			runOnlyForDeploymentPostprocessing = 0;
		};
/* End PBXResourcesBuildPhase section */

/* Begin PBXShellScriptBuildPhase section */
		8B77E849280D8414E6A9A796 /* [CP] Check Pods Manifest.lock */ = {
			isa = PBXShellScriptBuildPhase;
			buildActionMask = 2147483647;
			files = (
			);
			inputFileListPaths = (
			);
			inputPaths = (
				"${PODS_PODFILE_DIR_PATH}/Podfile.lock",
				"${PODS_ROOT}/Manifest.lock",
			);
			name = "[CP] Check Pods Manifest.lock";
			outputFileListPaths = (
			);
			outputPaths = (
				"$(DERIVED_FILE_DIR)/Pods-DoujinshiFinder-checkManifestLockResult.txt",
			);
			runOnlyForDeploymentPostprocessing = 0;
			shellPath = /bin/sh;
			shellScript = "diff \"${PODS_PODFILE_DIR_PATH}/Podfile.lock\" \"${PODS_ROOT}/Manifest.lock\" > /dev/null\nif [ $? != 0 ] ; then\n    # print error to STDERR\n    echo \"error: The sandbox is not in sync with the Podfile.lock. Run 'pod install' or update your CocoaPods installation.\" >&2\n    exit 1\nfi\n# This output is used by Xcode 'outputs' to avoid re-running this script phase.\necho \"SUCCESS\" > \"${SCRIPT_OUTPUT_FILE_0}\"\n";
			showEnvVarsInLog = 0;
		};
		9597C5C5B371E71F4D31F249 /* [CP] Embed Pods Frameworks */ = {
			isa = PBXShellScriptBuildPhase;
			buildActionMask = 2147483647;
			files = (
			);
			inputFileListPaths = (
				"${PODS_ROOT}/Target Support Files/Pods-DoujinshiFinder/Pods-DoujinshiFinder-frameworks-${CONFIGURATION}-input-files.xcfilelist",
			);
			name = "[CP] Embed Pods Frameworks";
			outputFileListPaths = (
				"${PODS_ROOT}/Target Support Files/Pods-DoujinshiFinder/Pods-DoujinshiFinder-frameworks-${CONFIGURATION}-output-files.xcfilelist",
			);
			runOnlyForDeploymentPostprocessing = 0;
			shellPath = /bin/sh;
			shellScript = "\"${PODS_ROOT}/Target Support Files/Pods-DoujinshiFinder/Pods-DoujinshiFinder-frameworks.sh\"\n";
			showEnvVarsInLog = 0;
		};
/* End PBXShellScriptBuildPhase section */

/* Begin PBXSourcesBuildPhase section */
		C35ABCAC246A885B00F3A83E /* Sources */ = {
			isa = PBXSourcesBuildPhase;
			buildActionMask = 2147483647;
			files = (
				C36CA061246E210F00980A59 /* DetailViewController.swift in Sources */,
				C35ABCCA246B41F000F3A83E /* HomeTableViewController.swift in Sources */,
				C3F1C979246CCAF70033F195 /* InfoUITableViewController.swift in Sources */,
				C32E6C43247A2B3F00F51EEF /* TestingViewController.swift in Sources */,
				C35ABCD9246B5A1B00F3A83E /* Save and Such.swift in Sources */,
				C32E6C45247C590D00F51EEF /* Tags.swift in Sources */,
				C35ABCB4246A885B00F3A83E /* AppDelegate.swift in Sources */,
				C3F1C976246CCA700033F195 /* DetailsTableViewCell.swift in Sources */,
				C35ABCB6246A885B00F3A83E /* SceneDelegate.swift in Sources */,
				C32E6C41247A28F400F51EEF /* SwipeableTabBarViewController.swift in Sources */,
				C35ABCD0246B4AEE00F3A83E /* Sauce.swift in Sources */,
				C35ABCD7246B590200F3A83E /* API.swift in Sources */,
				C35ABCD4246B55AC00F3A83E /* InsideTableViewCell.swift in Sources */,
			);
			runOnlyForDeploymentPostprocessing = 0;
		};
/* End PBXSourcesBuildPhase section */

/* Begin PBXVariantGroup section */
		C35ABCB9246A885B00F3A83E /* Main.storyboard */ = {
			isa = PBXVariantGroup;
			children = (
				C35ABCBA246A885B00F3A83E /* Base */,
			);
			name = Main.storyboard;
			sourceTree = "<group>";
		};
		C35ABCBE246A885D00F3A83E /* LaunchScreen.storyboard */ = {
			isa = PBXVariantGroup;
			children = (
				C35ABCBF246A885D00F3A83E /* Base */,
			);
			name = LaunchScreen.storyboard;
			sourceTree = "<group>";
		};
/* End PBXVariantGroup section */

/* Begin XCBuildConfiguration section */
		C35ABCC2246A885D00F3A83E /* Debug */ = {
			isa = XCBuildConfiguration;
			buildSettings = {
				ALWAYS_SEARCH_USER_PATHS = NO;
				CLANG_ANALYZER_NONNULL = YES;
				CLANG_ANALYZER_NUMBER_OBJECT_CONVERSION = YES_AGGRESSIVE;
				CLANG_CXX_LANGUAGE_STANDARD = "gnu++14";
				CLANG_CXX_LIBRARY = "libc++";
				CLANG_ENABLE_MODULES = YES;
				CLANG_ENABLE_OBJC_ARC = YES;
				CLANG_ENABLE_OBJC_WEAK = YES;
				CLANG_WARN_BLOCK_CAPTURE_AUTORELEASING = YES;
				CLANG_WARN_BOOL_CONVERSION = YES;
				CLANG_WARN_COMMA = YES;
				CLANG_WARN_CONSTANT_CONVERSION = YES;
				CLANG_WARN_DEPRECATED_OBJC_IMPLEMENTATIONS = YES;
				CLANG_WARN_DIRECT_OBJC_ISA_USAGE = YES_ERROR;
				CLANG_WARN_DOCUMENTATION_COMMENTS = YES;
				CLANG_WARN_EMPTY_BODY = YES;
				CLANG_WARN_ENUM_CONVERSION = YES;
				CLANG_WARN_INFINITE_RECURSION = YES;
				CLANG_WARN_INT_CONVERSION = YES;
				CLANG_WARN_NON_LITERAL_NULL_CONVERSION = YES;
				CLANG_WARN_OBJC_IMPLICIT_RETAIN_SELF = YES;
				CLANG_WARN_OBJC_LITERAL_CONVERSION = YES;
				CLANG_WARN_OBJC_ROOT_CLASS = YES_ERROR;
				CLANG_WARN_RANGE_LOOP_ANALYSIS = YES;
				CLANG_WARN_STRICT_PROTOTYPES = YES;
				CLANG_WARN_SUSPICIOUS_MOVE = YES;
				CLANG_WARN_UNGUARDED_AVAILABILITY = YES_AGGRESSIVE;
				CLANG_WARN_UNREACHABLE_CODE = YES;
				CLANG_WARN__DUPLICATE_METHOD_MATCH = YES;
				COPY_PHASE_STRIP = NO;
				DEBUG_INFORMATION_FORMAT = dwarf;
				ENABLE_STRICT_OBJC_MSGSEND = YES;
				ENABLE_TESTABILITY = YES;
				GCC_C_LANGUAGE_STANDARD = gnu11;
				GCC_DYNAMIC_NO_PIC = NO;
				GCC_NO_COMMON_BLOCKS = YES;
				GCC_OPTIMIZATION_LEVEL = 0;
				GCC_PREPROCESSOR_DEFINITIONS = (
					"DEBUG=1",
					"$(inherited)",
				);
				GCC_WARN_64_TO_32_BIT_CONVERSION = YES;
				GCC_WARN_ABOUT_RETURN_TYPE = YES_ERROR;
				GCC_WARN_UNDECLARED_SELECTOR = YES;
				GCC_WARN_UNINITIALIZED_AUTOS = YES_AGGRESSIVE;
				GCC_WARN_UNUSED_FUNCTION = YES;
				GCC_WARN_UNUSED_VARIABLE = YES;
				IPHONEOS_DEPLOYMENT_TARGET = 13.4;
				MTL_ENABLE_DEBUG_INFO = INCLUDE_SOURCE;
				MTL_FAST_MATH = YES;
				ONLY_ACTIVE_ARCH = YES;
				SDKROOT = iphoneos;
				SWIFT_ACTIVE_COMPILATION_CONDITIONS = DEBUG;
				SWIFT_OPTIMIZATION_LEVEL = "-Onone";
			};
			name = Debug;
		};
		C35ABCC3246A885D00F3A83E /* Release */ = {
			isa = XCBuildConfiguration;
			buildSettings = {
				ALWAYS_SEARCH_USER_PATHS = NO;
				CLANG_ANALYZER_NONNULL = YES;
				CLANG_ANALYZER_NUMBER_OBJECT_CONVERSION = YES_AGGRESSIVE;
				CLANG_CXX_LANGUAGE_STANDARD = "gnu++14";
				CLANG_CXX_LIBRARY = "libc++";
				CLANG_ENABLE_MODULES = YES;
				CLANG_ENABLE_OBJC_ARC = YES;
				CLANG_ENABLE_OBJC_WEAK = YES;
				CLANG_WARN_BLOCK_CAPTURE_AUTORELEASING = YES;
				CLANG_WARN_BOOL_CONVERSION = YES;
				CLANG_WARN_COMMA = YES;
				CLANG_WARN_CONSTANT_CONVERSION = YES;
				CLANG_WARN_DEPRECATED_OBJC_IMPLEMENTATIONS = YES;
				CLANG_WARN_DIRECT_OBJC_ISA_USAGE = YES_ERROR;
				CLANG_WARN_DOCUMENTATION_COMMENTS = YES;
				CLANG_WARN_EMPTY_BODY = YES;
				CLANG_WARN_ENUM_CONVERSION = YES;
				CLANG_WARN_INFINITE_RECURSION = YES;
				CLANG_WARN_INT_CONVERSION = YES;
				CLANG_WARN_NON_LITERAL_NULL_CONVERSION = YES;
				CLANG_WARN_OBJC_IMPLICIT_RETAIN_SELF = YES;
				CLANG_WARN_OBJC_LITERAL_CONVERSION = YES;
				CLANG_WARN_OBJC_ROOT_CLASS = YES_ERROR;
				CLANG_WARN_RANGE_LOOP_ANALYSIS = YES;
				CLANG_WARN_STRICT_PROTOTYPES = YES;
				CLANG_WARN_SUSPICIOUS_MOVE = YES;
				CLANG_WARN_UNGUARDED_AVAILABILITY = YES_AGGRESSIVE;
				CLANG_WARN_UNREACHABLE_CODE = YES;
				CLANG_WARN__DUPLICATE_METHOD_MATCH = YES;
				COPY_PHASE_STRIP = NO;
				DEBUG_INFORMATION_FORMAT = "dwarf-with-dsym";
				ENABLE_NS_ASSERTIONS = NO;
				ENABLE_STRICT_OBJC_MSGSEND = YES;
				GCC_C_LANGUAGE_STANDARD = gnu11;
				GCC_NO_COMMON_BLOCKS = YES;
				GCC_WARN_64_TO_32_BIT_CONVERSION = YES;
				GCC_WARN_ABOUT_RETURN_TYPE = YES_ERROR;
				GCC_WARN_UNDECLARED_SELECTOR = YES;
				GCC_WARN_UNINITIALIZED_AUTOS = YES_AGGRESSIVE;
				GCC_WARN_UNUSED_FUNCTION = YES;
				GCC_WARN_UNUSED_VARIABLE = YES;
				IPHONEOS_DEPLOYMENT_TARGET = 13.4;
				MTL_ENABLE_DEBUG_INFO = NO;
				MTL_FAST_MATH = YES;
				SDKROOT = iphoneos;
				SWIFT_COMPILATION_MODE = wholemodule;
				SWIFT_OPTIMIZATION_LEVEL = "-O";
				VALIDATE_PRODUCT = YES;
			};
			name = Release;
		};
		C35ABCC5246A885D00F3A83E /* Debug */ = {
			isa = XCBuildConfiguration;
			baseConfigurationReference = 476C2B91FF2B5C8FFB07FB93 /* Pods-DoujinshiFinder.debug.xcconfig */;
			buildSettings = {
				ASSETCATALOG_COMPILER_APPICON_NAME = AppIcon;
				CODE_SIGN_STYLE = Automatic;
				DEVELOPMENT_TEAM = Z6F655X3CZ;
				INFOPLIST_FILE = DoujinshiFinder/Info.plist;
				IPHONEOS_DEPLOYMENT_TARGET = 13.0;
				LD_RUNPATH_SEARCH_PATHS = (
					"$(inherited)",
					"@executable_path/Frameworks",
				);
				PRODUCT_BUNDLE_IDENTIFIER = CalebsEpic.DoujinshiFinder;
				PRODUCT_NAME = "$(TARGET_NAME)";
				SWIFT_VERSION = 5.0;
				TARGETED_DEVICE_FAMILY = "1,2";
			};
			name = Debug;
		};
		C35ABCC6246A885D00F3A83E /* Release */ = {
			isa = XCBuildConfiguration;
			baseConfigurationReference = 5B03092A1E663E6D8B3D6A25 /* Pods-DoujinshiFinder.release.xcconfig */;
			buildSettings = {
				ASSETCATALOG_COMPILER_APPICON_NAME = AppIcon;
				CODE_SIGN_STYLE = Automatic;
				DEVELOPMENT_TEAM = Z6F655X3CZ;
				INFOPLIST_FILE = DoujinshiFinder/Info.plist;
				IPHONEOS_DEPLOYMENT_TARGET = 13.0;
				LD_RUNPATH_SEARCH_PATHS = (
					"$(inherited)",
					"@executable_path/Frameworks",
				);
				PRODUCT_BUNDLE_IDENTIFIER = CalebsEpic.DoujinshiFinder;
				PRODUCT_NAME = "$(TARGET_NAME)";
				SWIFT_VERSION = 5.0;
				TARGETED_DEVICE_FAMILY = "1,2";
			};
			name = Release;
		};
/* End XCBuildConfiguration section */

/* Begin XCConfigurationList section */
		C35ABCAB246A885B00F3A83E /* Build configuration list for PBXProject "DoujinshiFinder" */ = {
			isa = XCConfigurationList;
			buildConfigurations = (
				C35ABCC2246A885D00F3A83E /* Debug */,
				C35ABCC3246A885D00F3A83E /* Release */,
			);
			defaultConfigurationIsVisible = 0;
			defaultConfigurationName = Release;
		};
		C35ABCC4246A885D00F3A83E /* Build configuration list for PBXNativeTarget "DoujinshiFinder" */ = {
			isa = XCConfigurationList;
			buildConfigurations = (
				C35ABCC5246A885D00F3A83E /* Debug */,
				C35ABCC6246A885D00F3A83E /* Release */,
			);
			defaultConfigurationIsVisible = 0;
			defaultConfigurationName = Release;
		};
/* End XCConfigurationList section */
	};
	rootObject = C35ABCA8246A885B00F3A83E /* Project object */;
}
